
Microsoft Visual Studio Solution File, Format Version 12.00
# Visual Studio Version 17
VisualStudioVersion = 17.2.32630.192
MinimumVisualStudioVersion = 10.0.40219.1
Project("{9A19103F-16F7-4668-BE54-9A1E7A4F7556}") = "UniversityApi", "UniversityApi\UniversityApi.csproj", "{6F3D1AE1-F48B-4210-8120-D150BDEF6231}"
EndProject
Project("{FAE04EC0-301F-11D3-BF4B-00C04F79EFBC}") = "LinqSnippets", "LinqSnippets\LinqSnippets.csproj", "{6A45CAE4-BC6C-4942-AFBF-C0C09A91A06B}"
EndProject
Global
	GlobalSection(SolutionConfigurationPlatforms) = preSolution
		Debug|Any CPU = Debug|Any CPU
		Release|Any CPU = Release|Any CPU
	EndGlobalSection
	GlobalSection(ProjectConfigurationPlatforms) = postSolution
		{6F3D1AE1-F48B-4210-8120-D150BDEF6231}.Debug|Any CPU.ActiveCfg = Debug|Any CPU
		{6F3D1AE1-F48B-4210-8120-D150BDEF6231}.Debug|Any CPU.Build.0 = Debug|Any CPU
		{6F3D1AE1-F48B-4210-8120-D150BDEF6231}.Release|Any CPU.ActiveCfg = Release|Any CPU
		{6F3D1AE1-F48B-4210-8120-D150BDEF6231}.Release|Any CPU.Build.0 = Release|Any CPU
		{6A45CAE4-BC6C-4942-AFBF-C0C09A91A06B}.Debug|Any CPU.ActiveCfg = Debug|Any CPU
		{6A45CAE4-BC6C-4942-AFBF-C0C09A91A06B}.Debug|Any CPU.Build.0 = Debug|Any CPU
		{6A45CAE4-BC6C-4942-AFBF-C0C09A91A06B}.Release|Any CPU.ActiveCfg = Release|Any CPU
		{6A45CAE4-BC6C-4942-AFBF-C0C09A91A06B}.Release|Any CPU.Build.0 = Release|Any CPU
	EndGlobalSection
	GlobalSection(SolutionProperties) = preSolution
		HideSolutionNode = FALSE
	EndGlobalSection
	GlobalSection(ExtensibilityGlobals) = postSolution
		SolutionGuid = {3CCD9188-AC31-447A-B0A7-21FF129B7521}
	EndGlobalSection
EndGlobal
